
Microsoft Visual Studio Solution File, Format Version 12.00
# Visual Studio Version 17
VisualStudioVersion = 17.0.32014.148
MinimumVisualStudioVersion = 10.0.40219.1
Project("{FAE04EC0-301F-11D3-BF4B-00C04F79EFBC}") = "webApiDemo", "webApiDemo\webApiDemo.csproj", "{DC4C936C-6651-47B2-8DEA-96DAA5FD27BE}"
EndProject
Global
	GlobalSection(SolutionConfigurationPlatforms) = preSolution
		Debug|Any CPU = Debug|Any CPU
		Release|Any CPU = Release|Any CPU
	EndGlobalSection
	GlobalSection(ProjectConfigurationPlatforms) = postSolution
		{DC4C936C-6651-47B2-8DEA-96DAA5FD27BE}.Debug|Any CPU.ActiveCfg = Debug|Any CPU
		{DC4C936C-6651-47B2-8DEA-96DAA5FD27BE}.Debug|Any CPU.Build.0 = Debug|Any CPU
		{DC4C936C-6651-47B2-8DEA-96DAA5FD27BE}.Release|Any CPU.ActiveCfg = Release|Any CPU
		{DC4C936C-6651-47B2-8DEA-96DAA5FD27BE}.Release|Any CPU.Build.0 = Release|Any CPU
	EndGlobalSection
	GlobalSection(SolutionProperties) = preSolution
		HideSolutionNode = FALSE
	EndGlobalSection
	GlobalSection(ExtensibilityGlobals) = postSolution
		SolutionGuid = {326FF5AF-4248-46F6-B5E4-C0F79D053A1A}
	EndGlobalSection
EndGlobal
